
Microsoft Visual Studio Solution File, Format Version 12.00
# Visual Studio 15
VisualStudioVersion = 15.0.28307.489
MinimumVisualStudioVersion = 10.0.40219.1
Project("{9A19103F-16F7-4668-BE54-9A1E7A4F7556}") = "SyndicationFeed.Server", "SyndicationFeed\SyndicationFeed.Server.csproj", "{5AEF1F0B-EB41-4693-9A63-601DFA4D7C1A}"
EndProject
Project("{9A19103F-16F7-4668-BE54-9A1E7A4F7556}") = "SyndicationFeed.Common", "SyndicationFeed.Common\SyndicationFeed.Common.csproj", "{BD86738E-8651-4E02-B436-E7CBBEF1F9AF}"
EndProject
Project("{9A19103F-16F7-4668-BE54-9A1E7A4F7556}") = "SyndicationFeed.SDK", "SyndicationFeed.SDK\SyndicationFeed.SDK.csproj", "{EF6F9C5F-92CB-4370-A2D0-4F6F64542FB6}"
EndProject
Project("{9A19103F-16F7-4668-BE54-9A1E7A4F7556}") = "SyndicationFeed.TestApp", "SyndicationFeed.TestApp\SyndicationFeed.TestApp.csproj", "{38FC1A1A-19B9-435D-A03E-49196C5C32F1}"
EndProject
Project("{9A19103F-16F7-4668-BE54-9A1E7A4F7556}") = "SyndicationFeed.IntegrationTests", "SyndicationFeed.IntegrationTests\SyndicationFeed.IntegrationTests.csproj", "{53C8AA40-20E2-470B-97C8-107836EEC4B3}"
EndProject
Project("{FAE04EC0-301F-11D3-BF4B-00C04F79EFBC}") = "SyndicationFeed.Client", "SyndicationFeed.Client\SyndicationFeed.Client.csproj", "{96956542-095E-41FB-B5A3-5DB91FDE1A63}"
EndProject
Global
	GlobalSection(SolutionConfigurationPlatforms) = preSolution
		Debug|Any CPU = Debug|Any CPU
		Release|Any CPU = Release|Any CPU
	EndGlobalSection
	GlobalSection(ProjectConfigurationPlatforms) = postSolution
		{5AEF1F0B-EB41-4693-9A63-601DFA4D7C1A}.Debug|Any CPU.ActiveCfg = Debug|Any CPU
		{5AEF1F0B-EB41-4693-9A63-601DFA4D7C1A}.Debug|Any CPU.Build.0 = Debug|Any CPU
		{5AEF1F0B-EB41-4693-9A63-601DFA4D7C1A}.Release|Any CPU.ActiveCfg = Release|Any CPU
		{5AEF1F0B-EB41-4693-9A63-601DFA4D7C1A}.Release|Any CPU.Build.0 = Release|Any CPU
		{BD86738E-8651-4E02-B436-E7CBBEF1F9AF}.Debug|Any CPU.ActiveCfg = Debug|Any CPU
		{BD86738E-8651-4E02-B436-E7CBBEF1F9AF}.Debug|Any CPU.Build.0 = Debug|Any CPU
		{BD86738E-8651-4E02-B436-E7CBBEF1F9AF}.Release|Any CPU.ActiveCfg = Release|Any CPU
		{BD86738E-8651-4E02-B436-E7CBBEF1F9AF}.Release|Any CPU.Build.0 = Release|Any CPU
		{EF6F9C5F-92CB-4370-A2D0-4F6F64542FB6}.Debug|Any CPU.ActiveCfg = Debug|Any CPU
		{EF6F9C5F-92CB-4370-A2D0-4F6F64542FB6}.Debug|Any CPU.Build.0 = Debug|Any CPU
		{EF6F9C5F-92CB-4370-A2D0-4F6F64542FB6}.Release|Any CPU.ActiveCfg = Release|Any CPU
		{EF6F9C5F-92CB-4370-A2D0-4F6F64542FB6}.Release|Any CPU.Build.0 = Release|Any CPU
		{38FC1A1A-19B9-435D-A03E-49196C5C32F1}.Debug|Any CPU.ActiveCfg = Debug|Any CPU
		{38FC1A1A-19B9-435D-A03E-49196C5C32F1}.Debug|Any CPU.Build.0 = Debug|Any CPU
		{38FC1A1A-19B9-435D-A03E-49196C5C32F1}.Release|Any CPU.ActiveCfg = Release|Any CPU
		{38FC1A1A-19B9-435D-A03E-49196C5C32F1}.Release|Any CPU.Build.0 = Release|Any CPU
		{53C8AA40-20E2-470B-97C8-107836EEC4B3}.Debug|Any CPU.ActiveCfg = Debug|Any CPU
		{53C8AA40-20E2-470B-97C8-107836EEC4B3}.Debug|Any CPU.Build.0 = Debug|Any CPU
		{53C8AA40-20E2-470B-97C8-107836EEC4B3}.Release|Any CPU.ActiveCfg = Release|Any CPU
		{53C8AA40-20E2-470B-97C8-107836EEC4B3}.Release|Any CPU.Build.0 = Release|Any CPU
		{96956542-095E-41FB-B5A3-5DB91FDE1A63}.Debug|Any CPU.ActiveCfg = Debug|Any CPU
		{96956542-095E-41FB-B5A3-5DB91FDE1A63}.Debug|Any CPU.Build.0 = Debug|Any CPU
		{96956542-095E-41FB-B5A3-5DB91FDE1A63}.Release|Any CPU.ActiveCfg = Release|Any CPU
		{96956542-095E-41FB-B5A3-5DB91FDE1A63}.Release|Any CPU.Build.0 = Release|Any CPU
	EndGlobalSection
	GlobalSection(SolutionProperties) = preSolution
		HideSolutionNode = FALSE
	EndGlobalSection
	GlobalSection(ExtensibilityGlobals) = postSolution
		SolutionGuid = {3D200F8E-C877-48E7-9A1A-9510BDDC96C5}
	EndGlobalSection
EndGlobal
